<?xml version="1.0" encoding="utf-8"?>
<Project ToolsVersion="4.0" xmlns="http://schemas.microsoft.com/developer/msbuild/2003">
  <ItemGroup>
    <Filter Include="Source Files">
      <UniqueIdentifier>{4FC737F1-C7A5-4376-A066-2A32D752A2FF}</UniqueIdentifier>
      <Extensions>cpp;c;cc;cxx;c++;cppm;ixx;def;odl;idl;hpj;bat;asm;asmx</Extensions>
    </Filter>
    <Filter Include="Header Files">
      <UniqueIdentifier>{93995380-89BD-4b04-88EB-625FBE52EBFB}</UniqueIdentifier>
      <Extensions>h;hh;hpp;hxx;h++;hm;inl;inc;ipp;xsd</Extensions>
    </Filter>
    <Filter Include="Resource Files">
      <UniqueIdentifier>{67DA6AB6-F800-4c08-8B7A-83BB121AAD01}</UniqueIdentifier>
      <Extensions>rc;ico;cur;bmp;dlg;rc2;rct;bin;rgs;gif;jpg;jpeg;jpe;resx;tiff;tif;png;wav;mfcribbon-ms</Extensions>
    </Filter>
    <Filter Include="Rhizomorph">
      <UniqueIdentifier>{f00e10d1-214f-481b-9554-c8abd05738f0}</UniqueIdentifier>
    </Filter>
  </ItemGroup>
  <ItemGroup>
    <ClCompile Include="pluginMain.cpp">
      <Filter>Source Files</Filter>
    </ClCompile>
    <ClCompile Include="Rhizomorph_EcoSysLab\src\app\Application.cpp">
      <Filter>Source Files</Filter>
    </ClCompile>
    <ClCompile Include="Rhizomorph_EcoSysLab\src\EcoSysLab\AutoTreeGenerationPipeline.cpp">
      <Filter>Source Files</Filter>
    </ClCompile>
    <ClCompile Include="Rhizomorph_EcoSysLab\src\EcoSysLab\CBTFGroup.cpp">
      <Filter>Source Files</Filter>
    </ClCompile>
    <ClCompile Include="Rhizomorph_EcoSysLab\src\EcoSysLab\Climate.cpp">
      <Filter>Source Files</Filter>
    </ClCompile>
    <ClCompile Include="Rhizomorph_EcoSysLab\src\EcoSysLab\ClimateModel.cpp">
      <Filter>Source Files</Filter>
    </ClCompile>
    <ClCompile Include="Rhizomorph_EcoSysLab\src\EcoSysLab\Curve.cpp">
      <Filter>Source Files</Filter>
    </ClCompile>
    <ClCompile Include="Rhizomorph_EcoSysLab\src\EcoSysLab\DoubleCBTF.cpp">
      <Filter>Source Files</Filter>
    </ClCompile>
    <ClCompile Include="Rhizomorph_EcoSysLab\src\EcoSysLab\EcoSysLabLayer.cpp">
      <Filter>Source Files</Filter>
    </ClCompile>
    <ClCompile Include="Rhizomorph_EcoSysLab\src\EcoSysLab\HeightField.cpp">
      <Filter>Source Files</Filter>
    </ClCompile>
    <ClCompile Include="Rhizomorph_EcoSysLab\src\EcoSysLab\IVolume.cpp">
      <Filter>Source Files</Filter>
    </ClCompile>
    <ClCompile Include="Rhizomorph_EcoSysLab\src\EcoSysLab\LeafData.cpp">
      <Filter>Source Files</Filter>
    </ClCompile>
    <ClCompile Include="Rhizomorph_EcoSysLab\src\EcoSysLab\LeafSegment.cpp">
      <Filter>Source Files</Filter>
    </ClCompile>
    <ClCompile Include="Rhizomorph_EcoSysLab\src\EcoSysLab\LSystemString.cpp">
      <Filter>Source Files</Filter>
    </ClCompile>
    <ClCompile Include="Rhizomorph_EcoSysLab\src\EcoSysLab\MarchingCubes.cpp">
      <Filter>Source Files</Filter>
    </ClCompile>
    <ClCompile Include="Rhizomorph_EcoSysLab\src\EcoSysLab\Noises.cpp">
      <Filter>Source Files</Filter>
    </ClCompile>
    <ClCompile Include="Rhizomorph_EcoSysLab\src\EcoSysLab\ObjectRotator.cpp">
      <Filter>Source Files</Filter>
    </ClCompile>
    <ClCompile Include="Rhizomorph_EcoSysLab\src\EcoSysLab\PanicleData.cpp">
      <Filter>Source Files</Filter>
    </ClCompile>
    <ClCompile Include="Rhizomorph_EcoSysLab\src\EcoSysLab\PARSensorGroup.cpp">
      <Filter>Source Files</Filter>
    </ClCompile>
    <ClCompile Include="Rhizomorph_EcoSysLab\src\EcoSysLab\PipeModel.cpp">
      <Filter>Source Files</Filter>
    </ClCompile>
    <ClCompile Include="Rhizomorph_EcoSysLab\src\EcoSysLab\ProceduralSorghum.cpp">
      <Filter>Source Files</Filter>
    </ClCompile>
    <ClCompile Include="Rhizomorph_EcoSysLab\src\EcoSysLab\RadialBoundingVolume.cpp">
      <Filter>Source Files</Filter>
    </ClCompile>
    <ClCompile Include="Rhizomorph_EcoSysLab\src\EcoSysLab\SkyIlluminance.cpp">
      <Filter>Source Files</Filter>
    </ClCompile>
    <ClCompile Include="Rhizomorph_EcoSysLab\src\EcoSysLab\Soil.cpp">
      <Filter>Source Files</Filter>
    </ClCompile>
    <ClCompile Include="Rhizomorph_EcoSysLab\src\EcoSysLab\SoilModel.cpp">
      <Filter>Source Files</Filter>
    </ClCompile>
    <ClCompile Include="Rhizomorph_EcoSysLab\src\EcoSysLab\SorghumData.cpp">
      <Filter>Source Files</Filter>
    </ClCompile>
    <ClCompile Include="Rhizomorph_EcoSysLab\src\EcoSysLab\SorghumField.cpp">
      <Filter>Source Files</Filter>
    </ClCompile>
    <ClCompile Include="Rhizomorph_EcoSysLab\src\EcoSysLab\SorghumLayer.cpp">
      <Filter>Source Files</Filter>
    </ClCompile>
    <ClCompile Include="Rhizomorph_EcoSysLab\src\EcoSysLab\SorghumStateGenerator.cpp">
      <Filter>Source Files</Filter>
    </ClCompile>
    <ClCompile Include="Rhizomorph_EcoSysLab\src\EcoSysLab\Spline.cpp">
      <Filter>Source Files</Filter>
    </ClCompile>
    <ClCompile Include="Rhizomorph_EcoSysLab\src\EcoSysLab\StemData.cpp">
      <Filter>Source Files</Filter>
    </ClCompile>
    <ClCompile Include="Rhizomorph_EcoSysLab\src\EcoSysLab\Tree.cpp">
      <Filter>Source Files</Filter>
    </ClCompile>
    <ClCompile Include="Rhizomorph_EcoSysLab\src\EcoSysLab\TreeGraph.cpp">
      <Filter>Source Files</Filter>
    </ClCompile>
    <ClCompile Include="Rhizomorph_EcoSysLab\src\EcoSysLab\TreeIlliminationEstimator.cpp">
      <Filter>Source Files</Filter>
    </ClCompile>
    <ClCompile Include="Rhizomorph_EcoSysLab\src\EcoSysLab\TreeMeshGenerator.cpp">
      <Filter>Source Files</Filter>
    </ClCompile>
    <ClCompile Include="Rhizomorph_EcoSysLab\src\EcoSysLab\TreeModel.cpp">
      <Filter>Source Files</Filter>
    </ClCompile>
    <ClCompile Include="Rhizomorph_EcoSysLab\src\EcoSysLab\TreePointCloud.cpp">
      <Filter>Source Files</Filter>
    </ClCompile>
    <ClCompile Include="Rhizomorph_EcoSysLab\src\EcoSysLab\Trees.cpp">
      <Filter>Source Files</Filter>
    </ClCompile>
    <ClCompile Include="Rhizomorph_EcoSysLab\src\EcoSysLab\TreeVisualizer.cpp">
      <Filter>Source Files</Filter>
    </ClCompile>
    <ClCompile Include="Rhizomorph_EcoSysLab\src\EcoSysLab\VigorSink.cpp">
      <Filter>Source Files</Filter>
    </ClCompile>
  </ItemGroup>
  <ItemGroup>
    <ClInclude Include="Rhizomorph_EcoSysLab\include\EcoSysLab\ClimateModel\ClimateModel.hpp">
      <Filter>Header Files</Filter>
    </ClInclude>
    <ClInclude Include="Rhizomorph_EcoSysLab\include\EcoSysLab\PipeModel\PipeModel.hpp">
      <Filter>Header Files</Filter>
    </ClInclude>
    <ClInclude Include="Rhizomorph_EcoSysLab\include\EcoSysLab\PipeModel\PipeModelData.hpp">
      <Filter>Header Files</Filter>
    </ClInclude>
    <ClInclude Include="Rhizomorph_EcoSysLab\include\EcoSysLab\PipeModel\PipeModelParameters.hpp">
      <Filter>Header Files</Filter>
    </ClInclude>
    <ClInclude Include="Rhizomorph_EcoSysLab\include\EcoSysLab\Reconstruction\TreePointCloud.hpp">
      <Filter>Header Files</Filter>
    </ClInclude>
    <ClInclude Include="Rhizomorph_EcoSysLab\include\EcoSysLab\SoilModel\HeightField.hpp">
      <Filter>Header Files</Filter>
    </ClInclude>
    <ClInclude Include="Rhizomorph_EcoSysLab\include\EcoSysLab\SoilModel\SoilModel.hpp">
      <Filter>Header Files</Filter>
    </ClInclude>
    <ClInclude Include="Rhizomorph_EcoSysLab\include\EcoSysLab\SorghumModel\CBTFGroup.hpp">
      <Filter>Header Files</Filter>
    </ClInclude>
    <ClInclude Include="Rhizomorph_EcoSysLab\include\EcoSysLab\SorghumModel\DoubleCBTF.hpp">
      <Filter>Header Files</Filter>
    </ClInclude>
    <ClInclude Include="Rhizomorph_EcoSysLab\include\EcoSysLab\SorghumModel\LeafData.hpp">
      <Filter>Header Files</Filter>
    </ClInclude>
    <ClInclude Include="Rhizomorph_EcoSysLab\include\EcoSysLab\SorghumModel\LeafSegment.hpp">
      <Filter>Header Files</Filter>
    </ClInclude>
    <ClInclude Include="Rhizomorph_EcoSysLab\include\EcoSysLab\SorghumModel\PanicleData.hpp">
      <Filter>Header Files</Filter>
    </ClInclude>
    <ClInclude Include="Rhizomorph_EcoSysLab\include\EcoSysLab\SorghumModel\PARSensorGroup.hpp">
      <Filter>Header Files</Filter>
    </ClInclude>
    <ClInclude Include="Rhizomorph_EcoSysLab\include\EcoSysLab\SorghumModel\ProceduralSorghum.hpp">
      <Filter>Header Files</Filter>
    </ClInclude>
    <ClInclude Include="Rhizomorph_EcoSysLab\include\EcoSysLab\SorghumModel\rapidcsv.h">
      <Filter>Header Files</Filter>
    </ClInclude>
    <ClInclude Include="Rhizomorph_EcoSysLab\include\EcoSysLab\SorghumModel\SkyIlluminance.hpp">
      <Filter>Header Files</Filter>
    </ClInclude>
    <ClInclude Include="Rhizomorph_EcoSysLab\include\EcoSysLab\SorghumModel\SorghumData.hpp">
      <Filter>Header Files</Filter>
    </ClInclude>
    <ClInclude Include="Rhizomorph_EcoSysLab\include\EcoSysLab\SorghumModel\SorghumField.hpp">
      <Filter>Header Files</Filter>
    </ClInclude>
    <ClInclude Include="Rhizomorph_EcoSysLab\include\EcoSysLab\SorghumModel\SorghumLayer.hpp">
      <Filter>Header Files</Filter>
    </ClInclude>
    <ClInclude Include="Rhizomorph_EcoSysLab\include\EcoSysLab\SorghumModel\SorghumStateGenerator.hpp">
      <Filter>Header Files</Filter>
    </ClInclude>
    <ClInclude Include="Rhizomorph_EcoSysLab\include\EcoSysLab\SorghumModel\Spline.hpp">
      <Filter>Header Files</Filter>
    </ClInclude>
    <ClInclude Include="Rhizomorph_EcoSysLab\include\EcoSysLab\SorghumModel\StemData.hpp">
      <Filter>Header Files</Filter>
    </ClInclude>
    <ClInclude Include="Rhizomorph_EcoSysLab\include\EcoSysLab\Structures\Curve.hpp">
      <Filter>Header Files</Filter>
    </ClInclude>
    <ClInclude Include="Rhizomorph_EcoSysLab\include\EcoSysLab\Structures\HexagonGrid.hpp">
      <Filter>Header Files</Filter>
    </ClInclude>
    <ClInclude Include="Rhizomorph_EcoSysLab\include\EcoSysLab\Structures\Octree.hpp">
      <Filter>Header Files</Filter>
    </ClInclude>
    <ClInclude Include="Rhizomorph_EcoSysLab\include\EcoSysLab\Structures\PipeStructure.hpp">
      <Filter>Header Files</Filter>
    </ClInclude>
    <ClInclude Include="Rhizomorph_EcoSysLab\include\EcoSysLab\Structures\PlantStructure.hpp">
      <Filter>Header Files</Filter>
    </ClInclude>
    <ClInclude Include="Rhizomorph_EcoSysLab\include\EcoSysLab\Structures\VoxelGrid.hpp">
      <Filter>Header Files</Filter>
    </ClInclude>
    <ClInclude Include="Rhizomorph_EcoSysLab\include\EcoSysLab\TreeModel\TreeGrowthController.hpp">
      <Filter>Header Files</Filter>
    </ClInclude>
    <ClInclude Include="Rhizomorph_EcoSysLab\include\EcoSysLab\TreeModel\TreeGrowthData.hpp">
      <Filter>Header Files</Filter>
    </ClInclude>
    <ClInclude Include="Rhizomorph_EcoSysLab\include\EcoSysLab\TreeModel\TreeIlluminationEstimator.hpp">
      <Filter>Header Files</Filter>
    </ClInclude>
    <ClInclude Include="Rhizomorph_EcoSysLab\include\EcoSysLab\TreeModel\TreeModel.hpp">
      <Filter>Header Files</Filter>
    </ClInclude>
    <ClInclude Include="Rhizomorph_EcoSysLab\include\EcoSysLab\TreeModel\VigorSink.hpp">
      <Filter>Header Files</Filter>
    </ClInclude>
    <ClInclude Include="Rhizomorph_EcoSysLab\include\EcoSysLab\Utilities\AutoTreeGenerationPipeline.hpp">
      <Filter>Header Files</Filter>
    </ClInclude>
    <ClInclude Include="Rhizomorph_EcoSysLab\include\EcoSysLab\Utilities\IVolume.hpp">
      <Filter>Header Files</Filter>
    </ClInclude>
    <ClInclude Include="Rhizomorph_EcoSysLab\include\EcoSysLab\Utilities\LSystemString.hpp">
      <Filter>Header Files</Filter>
    </ClInclude>
    <ClInclude Include="Rhizomorph_EcoSysLab\include\EcoSysLab\Utilities\MarchingCubes.hpp">
      <Filter>Header Files</Filter>
    </ClInclude>
    <ClInclude Include="Rhizomorph_EcoSysLab\include\EcoSysLab\Utilities\Noises.hpp">
      <Filter>Header Files</Filter>
    </ClInclude>
    <ClInclude Include="Rhizomorph_EcoSysLab\include\EcoSysLab\Utilities\ObjectRotator.hpp">
      <Filter>Header Files</Filter>
    </ClInclude>
    <ClInclude Include="Rhizomorph_EcoSysLab\include\EcoSysLab\Utilities\RadialBoundingVolume.hpp">
      <Filter>Header Files</Filter>
    </ClInclude>
    <ClInclude Include="Rhizomorph_EcoSysLab\include\EcoSysLab\Utilities\rapidcsv.h">
      <Filter>Header Files</Filter>
    </ClInclude>
    <ClInclude Include="Rhizomorph_EcoSysLab\include\EcoSysLab\Utilities\TreeGraph.hpp">
      <Filter>Header Files</Filter>
    </ClInclude>
    <ClInclude Include="Rhizomorph_EcoSysLab\include\EcoSysLab\Utilities\TreeMeshGenerator.hpp">
      <Filter>Header Files</Filter>
    </ClInclude>
    <ClInclude Include="Rhizomorph_EcoSysLab\include\EcoSysLab\Utilities\TreeVisualizer.hpp">
      <Filter>Header Files</Filter>
    </ClInclude>
    <ClInclude Include="Rhizomorph_EcoSysLab\include\EcoSysLab\Climate.hpp">
      <Filter>Header Files</Filter>
    </ClInclude>
    <ClInclude Include="Rhizomorph_EcoSysLab\include\EcoSysLab\EcoSysLabLayer.hpp">
      <Filter>Header Files</Filter>
    </ClInclude>
    <ClInclude Include="Rhizomorph_EcoSysLab\include\EcoSysLab\EcoSysLab-pch.hpp">
      <Filter>Header Files</Filter>
    </ClInclude>
    <ClInclude Include="Rhizomorph_EcoSysLab\include\EcoSysLab\Soil.hpp">
      <Filter>Header Files</Filter>
    </ClInclude>
    <ClInclude Include="Rhizomorph_EcoSysLab\include\EcoSysLab\Tree.hpp">
      <Filter>Header Files</Filter>
    </ClInclude>
    <ClInclude Include="Rhizomorph_EcoSysLab\include\EcoSysLab\Trees.hpp">
      <Filter>Header Files</Filter>
    </ClInclude>
  </ItemGroup>
</Project>